
Microsoft Visual Studio Solution File, Format Version 12.00
# Visual Studio 2012
Project("{2150E333-8FDC-42A3-9474-1A3956D46DE8}") = "Solution Items", "Solution Items", "{8F6DBC07-ECD1-4D69-B34F-1717BA48864F}"
EndProject
Project("{FAE04EC0-301F-11D3-BF4B-00C04F79EFBC}") = "Photon.Data.Tests", "Photon.Data.Tests\Photon.Data.Tests.csproj", "{54CFE614-0481-4A33-82B9-BF329BFF0674}"
EndProject
Project("{FAE04EC0-301F-11D3-BF4B-00C04F79EFBC}") = "Photon.CoreLib", "Photon.CoreLib\Photon.CoreLib.csproj", "{0FDE64FB-5661-4478-8696-2446FB2DE7EB}"
EndProject
Project("{FAE04EC0-301F-11D3-BF4B-00C04F79EFBC}") = "Photon.Data", "Photon.Data\Photon.Data.csproj", "{69DFB24A-22C0-4707-8921-2A805B694D7C}"
EndProject
Project("{FAE04EC0-301F-11D3-BF4B-00C04F79EFBC}") = "Photon.CoreLib.Tests", "Photon.CoreLib.Tests\Photon.CoreLib.Tests.csproj", "{E1D284BB-14F8-4E16-9D84-54FE7411B42F}"
EndProject
Project("{2150E333-8FDC-42A3-9474-1A3956D46DE8}") = "Tests", "Tests", "{A3CAAA57-F6CC-496D-8E59-170D402B2147}"
EndProject
Global
	GlobalSection(SolutionConfigurationPlatforms) = preSolution
		AppStore|Any CPU = AppStore|Any CPU
		Debug|Any CPU = Debug|Any CPU
		Release|Any CPU = Release|Any CPU
	EndGlobalSection
	GlobalSection(ProjectConfigurationPlatforms) = postSolution
		{54CFE614-0481-4A33-82B9-BF329BFF0674}.AppStore|Any CPU.ActiveCfg = Debug|Any CPU
		{54CFE614-0481-4A33-82B9-BF329BFF0674}.AppStore|Any CPU.Build.0 = Debug|Any CPU
		{54CFE614-0481-4A33-82B9-BF329BFF0674}.Debug|Any CPU.ActiveCfg = Debug|Any CPU
		{54CFE614-0481-4A33-82B9-BF329BFF0674}.Debug|Any CPU.Build.0 = Debug|Any CPU
		{54CFE614-0481-4A33-82B9-BF329BFF0674}.Release|Any CPU.ActiveCfg = Release|Any CPU
		{54CFE614-0481-4A33-82B9-BF329BFF0674}.Release|Any CPU.Build.0 = Release|Any CPU
		{0FDE64FB-5661-4478-8696-2446FB2DE7EB}.AppStore|Any CPU.ActiveCfg = Release|Any CPU
		{0FDE64FB-5661-4478-8696-2446FB2DE7EB}.AppStore|Any CPU.Build.0 = Release|Any CPU
		{0FDE64FB-5661-4478-8696-2446FB2DE7EB}.Debug|Any CPU.ActiveCfg = Debug|Any CPU
		{0FDE64FB-5661-4478-8696-2446FB2DE7EB}.Debug|Any CPU.Build.0 = Debug|Any CPU
		{0FDE64FB-5661-4478-8696-2446FB2DE7EB}.Release|Any CPU.ActiveCfg = Release|Any CPU
		{0FDE64FB-5661-4478-8696-2446FB2DE7EB}.Release|Any CPU.Build.0 = Release|Any CPU
		{69DFB24A-22C0-4707-8921-2A805B694D7C}.AppStore|Any CPU.ActiveCfg = Release|Any CPU
		{69DFB24A-22C0-4707-8921-2A805B694D7C}.AppStore|Any CPU.Build.0 = Release|Any CPU
		{69DFB24A-22C0-4707-8921-2A805B694D7C}.Debug|Any CPU.ActiveCfg = Debug|Any CPU
		{69DFB24A-22C0-4707-8921-2A805B694D7C}.Debug|Any CPU.Build.0 = Debug|Any CPU
		{69DFB24A-22C0-4707-8921-2A805B694D7C}.Release|Any CPU.ActiveCfg = Release|Any CPU
		{69DFB24A-22C0-4707-8921-2A805B694D7C}.Release|Any CPU.Build.0 = Release|Any CPU
		{E1D284BB-14F8-4E16-9D84-54FE7411B42F}.AppStore|Any CPU.ActiveCfg = Release|Any CPU
		{E1D284BB-14F8-4E16-9D84-54FE7411B42F}.AppStore|Any CPU.Build.0 = Release|Any CPU
		{E1D284BB-14F8-4E16-9D84-54FE7411B42F}.Debug|Any CPU.ActiveCfg = Debug|Any CPU
		{E1D284BB-14F8-4E16-9D84-54FE7411B42F}.Debug|Any CPU.Build.0 = Debug|Any CPU
		{E1D284BB-14F8-4E16-9D84-54FE7411B42F}.Release|Any CPU.ActiveCfg = Release|Any CPU
		{E1D284BB-14F8-4E16-9D84-54FE7411B42F}.Release|Any CPU.Build.0 = Release|Any CPU
	EndGlobalSection
	GlobalSection(SolutionProperties) = preSolution
		HideSolutionNode = FALSE
	EndGlobalSection
	GlobalSection(NestedProjects) = preSolution
		{E1D284BB-14F8-4E16-9D84-54FE7411B42F} = {A3CAAA57-F6CC-496D-8E59-170D402B2147}
		{54CFE614-0481-4A33-82B9-BF329BFF0674} = {A3CAAA57-F6CC-496D-8E59-170D402B2147}
	EndGlobalSection
	GlobalSection(MonoDevelopProperties) = preSolution
		StartupItem = Photon\Photon.Data.csproj
	EndGlobalSection
EndGlobal
